
Microsoft Visual Studio Solution File, Format Version 12.00
# Visual Studio Version 17
VisualStudioVersion = 17.13.35818.85 d17.13
MinimumVisualStudioVersion = 10.0.40219.1
Project("{FAE04EC0-301F-11D3-BF4B-00C04F79EFBC}") = "NurseStation", "NurseStation\NurseStation.csproj", "{0453401E-CC7E-4EC1-962C-831AF4F52209}"
EndProject
Global
	GlobalSection(SolutionConfigurationPlatforms) = preSolution
		Debug|Any CPU = Debug|Any CPU
		Release|Any CPU = Release|Any CPU
	EndGlobalSection
	GlobalSection(ProjectConfigurationPlatforms) = postSolution
		{0453401E-CC7E-4EC1-962C-831AF4F52209}.Debug|Any CPU.ActiveCfg = Debug|Any CPU
		{0453401E-CC7E-4EC1-962C-831AF4F52209}.Debug|Any CPU.Build.0 = Debug|Any CPU
		{0453401E-CC7E-4EC1-962C-831AF4F52209}.Release|Any CPU.ActiveCfg = Release|Any CPU
		{0453401E-CC7E-4EC1-962C-831AF4F52209}.Release|Any CPU.Build.0 = Release|Any CPU
	EndGlobalSection
	GlobalSection(SolutionProperties) = preSolution
		HideSolutionNode = FALSE
	EndGlobalSection
	GlobalSection(ExtensibilityGlobals) = postSolution
		SolutionGuid = {177838E3-5A73-4C51-9A5C-BCCB12D73B57}
	EndGlobalSection
EndGlobal
